
Microsoft Visual Studio Solution File, Format Version 12.00
# Visual Studio 2013
VisualStudioVersion = 12.0.21005.1
MinimumVisualStudioVersion = 10.0.40219.1
Project("{FAE04EC0-301F-11D3-BF4B-00C04F79EFBC}") = "Alan.WebApiDoc.Demonstration", "Alan.WebApiDoc.Demonstration\Alan.WebApiDoc.Demonstration.csproj", "{074727D8-D8BE-447D-827F-C5159632B2FD}"
EndProject
Project("{FAE04EC0-301F-11D3-BF4B-00C04F79EFBC}") = "Alan.WebApiDoc", "Alan.WebApiDoc\Alan.WebApiDoc.csproj", "{F50A0C97-0141-43A4-87E6-1095B616DBB8}"
EndProject
Project("{2150E333-8FDC-42A3-9474-1A3956D46DE8}") = ".nuget", ".nuget", "{4C07C02A-CA37-4DB5-B096-FF54B3F57716}"
EndProject
Global
	GlobalSection(SolutionConfigurationPlatforms) = preSolution
		Debug|Any CPU = Debug|Any CPU
		Release|Any CPU = Release|Any CPU
	EndGlobalSection
	GlobalSection(ProjectConfigurationPlatforms) = postSolution
		{074727D8-D8BE-447D-827F-C5159632B2FD}.Debug|Any CPU.ActiveCfg = Debug|Any CPU
		{074727D8-D8BE-447D-827F-C5159632B2FD}.Debug|Any CPU.Build.0 = Debug|Any CPU
		{074727D8-D8BE-447D-827F-C5159632B2FD}.Release|Any CPU.ActiveCfg = Release|Any CPU
		{074727D8-D8BE-447D-827F-C5159632B2FD}.Release|Any CPU.Build.0 = Release|Any CPU
		{F50A0C97-0141-43A4-87E6-1095B616DBB8}.Debug|Any CPU.ActiveCfg = Debug|Any CPU
		{F50A0C97-0141-43A4-87E6-1095B616DBB8}.Debug|Any CPU.Build.0 = Debug|Any CPU
		{F50A0C97-0141-43A4-87E6-1095B616DBB8}.Release|Any CPU.ActiveCfg = Release|Any CPU
		{F50A0C97-0141-43A4-87E6-1095B616DBB8}.Release|Any CPU.Build.0 = Release|Any CPU
	EndGlobalSection
	GlobalSection(SolutionProperties) = preSolution
		HideSolutionNode = FALSE
	EndGlobalSection
EndGlobal
